
Microsoft Visual Studio Solution File, Format Version 12.00
# Visual Studio Version 16
VisualStudioVersion = 16.0.30225.117
MinimumVisualStudioVersion = 10.0.40219.1
Project("{8BC9CEB8-8B4A-11D0-8D11-00A0C91BC942}") = "list赋值交换", "list赋值交换.vcxproj", "{94D61964-8563-4640-B589-672764168228}"
EndProject
Global
	GlobalSection(SolutionConfigurationPlatforms) = preSolution
		Debug|x64 = Debug|x64
		Debug|x86 = Debug|x86
		Release|x64 = Release|x64
		Release|x86 = Release|x86
	EndGlobalSection
	GlobalSection(ProjectConfigurationPlatforms) = postSolution
		{94D61964-8563-4640-B589-672764168228}.Debug|x64.ActiveCfg = Debug|x64
		{94D61964-8563-4640-B589-672764168228}.Debug|x64.Build.0 = Debug|x64
		{94D61964-8563-4640-B589-672764168228}.Debug|x86.ActiveCfg = Debug|Win32
		{94D61964-8563-4640-B589-672764168228}.Debug|x86.Build.0 = Debug|Win32
		{94D61964-8563-4640-B589-672764168228}.Release|x64.ActiveCfg = Release|x64
		{94D61964-8563-4640-B589-672764168228}.Release|x64.Build.0 = Release|x64
		{94D61964-8563-4640-B589-672764168228}.Release|x86.ActiveCfg = Release|Win32
		{94D61964-8563-4640-B589-672764168228}.Release|x86.Build.0 = Release|Win32
	EndGlobalSection
	GlobalSection(SolutionProperties) = preSolution
		HideSolutionNode = FALSE
	EndGlobalSection
	GlobalSection(ExtensibilityGlobals) = postSolution
		SolutionGuid = {E6788760-D009-417F-ADC7-4BCCE5B5BC6E}
	EndGlobalSection
EndGlobal
