
Microsoft Visual Studio Solution File, Format Version 12.00
# Visual Studio Version 16
VisualStudioVersion = 16.0.30225.117
MinimumVisualStudioVersion = 10.0.40219.1
Project("{8BC9CEB8-8B4A-11D0-8D11-00A0C91BC942}") = "stack使用案列", "stack使用案列.vcxproj", "{611E7455-F40E-412A-8677-01E71F55459B}"
EndProject
Global
	GlobalSection(SolutionConfigurationPlatforms) = preSolution
		Debug|x64 = Debug|x64
		Debug|x86 = Debug|x86
		Release|x64 = Release|x64
		Release|x86 = Release|x86
	EndGlobalSection
	GlobalSection(ProjectConfigurationPlatforms) = postSolution
		{611E7455-F40E-412A-8677-01E71F55459B}.Debug|x64.ActiveCfg = Debug|x64
		{611E7455-F40E-412A-8677-01E71F55459B}.Debug|x64.Build.0 = Debug|x64
		{611E7455-F40E-412A-8677-01E71F55459B}.Debug|x86.ActiveCfg = Debug|Win32
		{611E7455-F40E-412A-8677-01E71F55459B}.Debug|x86.Build.0 = Debug|Win32
		{611E7455-F40E-412A-8677-01E71F55459B}.Release|x64.ActiveCfg = Release|x64
		{611E7455-F40E-412A-8677-01E71F55459B}.Release|x64.Build.0 = Release|x64
		{611E7455-F40E-412A-8677-01E71F55459B}.Release|x86.ActiveCfg = Release|Win32
		{611E7455-F40E-412A-8677-01E71F55459B}.Release|x86.Build.0 = Release|Win32
	EndGlobalSection
	GlobalSection(SolutionProperties) = preSolution
		HideSolutionNode = FALSE
	EndGlobalSection
	GlobalSection(ExtensibilityGlobals) = postSolution
		SolutionGuid = {B397670B-D8D0-4509-9641-E9036F609A03}
	EndGlobalSection
EndGlobal
