
Microsoft Visual Studio Solution File, Format Version 12.00
# Visual Studio Version 16
VisualStudioVersion = 16.0.30225.117
MinimumVisualStudioVersion = 10.0.40219.1
Project("{8BC9CEB8-8B4A-11D0-8D11-00A0C91BC942}") = "string字符串拼接", "string字符串拼接.vcxproj", "{4254B13A-FE96-4091-A26B-02B5AE9E655B}"
EndProject
Global
	GlobalSection(SolutionConfigurationPlatforms) = preSolution
		Debug|x64 = Debug|x64
		Debug|x86 = Debug|x86
		Release|x64 = Release|x64
		Release|x86 = Release|x86
	EndGlobalSection
	GlobalSection(ProjectConfigurationPlatforms) = postSolution
		{4254B13A-FE96-4091-A26B-02B5AE9E655B}.Debug|x64.ActiveCfg = Debug|x64
		{4254B13A-FE96-4091-A26B-02B5AE9E655B}.Debug|x64.Build.0 = Debug|x64
		{4254B13A-FE96-4091-A26B-02B5AE9E655B}.Debug|x86.ActiveCfg = Debug|Win32
		{4254B13A-FE96-4091-A26B-02B5AE9E655B}.Debug|x86.Build.0 = Debug|Win32
		{4254B13A-FE96-4091-A26B-02B5AE9E655B}.Release|x64.ActiveCfg = Release|x64
		{4254B13A-FE96-4091-A26B-02B5AE9E655B}.Release|x64.Build.0 = Release|x64
		{4254B13A-FE96-4091-A26B-02B5AE9E655B}.Release|x86.ActiveCfg = Release|Win32
		{4254B13A-FE96-4091-A26B-02B5AE9E655B}.Release|x86.Build.0 = Release|Win32
	EndGlobalSection
	GlobalSection(SolutionProperties) = preSolution
		HideSolutionNode = FALSE
	EndGlobalSection
	GlobalSection(ExtensibilityGlobals) = postSolution
		SolutionGuid = {C6FD7815-3A0C-474C-AECD-721C3C98A6F8}
	EndGlobalSection
EndGlobal
